
Microsoft Visual Studio Solution File, Format Version 12.00
# Visual Studio Version 17
VisualStudioVersion = 17.0.31903.59
MinimumVisualStudioVersion = 10.0.40219.1
Project("{FAE04EC0-301F-11D3-BF4B-00C04F79EFBC}") = "FSIT.PayLink.Api", "src\FSIT.PayLink.Api\FSIT.PayLink.Api.csproj", "{CB763FD6-F433-D96A-E160-8089784E13C4}"
EndProject
Project("{FAE04EC0-301F-11D3-BF4B-00C04F79EFBC}") = "FSIT.PayLink.Application", "src\FSIT.PayLink.Application\FSIT.PayLink.Application.csproj", "{32BAEDCD-A56B-0B87-1CEA-7347091D960A}"
EndProject
Project("{FAE04EC0-301F-11D3-BF4B-00C04F79EFBC}") = "FSIT.PayLink.Contracts", "src\FSIT.PayLink.Contracts\FSIT.PayLink.Contracts.csproj", "{7C21D12D-F258-2A3A-B6B0-445C1F265351}"
EndProject
Project("{FAE04EC0-301F-11D3-BF4B-00C04F79EFBC}") = "FSIT.PayLink.Domain", "src\FSIT.PayLink.Domain\FSIT.PayLink.Domain.csproj", "{DA9D40E4-B686-E37C-EA3B-D3DD4DDCDA32}"
EndProject
Project("{FAE04EC0-301F-11D3-BF4B-00C04F79EFBC}") = "FSIT.PayLink.IntegrationTests", "tests\FSIT.PayLink.IntegrationTests\FSIT.PayLink.IntegrationTests.csproj", "{C077C769-4378-8834-697F-7C2300F90EA2}"
EndProject
Project("{FAE04EC0-301F-11D3-BF4B-00C04F79EFBC}") = "FSIT.PayLink.PactTests", "tests\FSIT.PayLink.PactTests\FSIT.PayLink.PactTests.csproj", "{96133D23-549D-892D-9E57-1FF230D95418}"
EndProject
Project("{FAE04EC0-301F-11D3-BF4B-00C04F79EFBC}") = "FSIT.PayLink.UnitTests", "tests\FSIT.PayLink.UnitTests\FSIT.PayLink.UnitTests.csproj", "{5A76B4AD-49D4-720B-9C06-E6960A44A765}"
EndProject
Project("{2150E333-8FDC-42A3-9474-1A3956D46DE8}") = "src", "src", "{02EA681E-C7D8-13C7-8484-4AC65E1B71E8}"
EndProject
Project("{2150E333-8FDC-42A3-9474-1A3956D46DE8}") = "tests", "tests", "{555A87CF-4288-473C-AE80-C3A1995E7AF3}"
EndProject
Project("{FAE04EC0-301F-11D3-BF4B-00C04F79EFBC}") = "FSIT.PayLink.Infrastructure", "src\FSIT.PayLink.Infrastructure\FSIT.PayLink.Infrastructure.csproj", "{70B4DD70-6C93-C765-EC01-DDE145FACC72}"
EndProject
Global
	GlobalSection(SolutionConfigurationPlatforms) = preSolution
		Debug|Any CPU = Debug|Any CPU
		Release|Any CPU = Release|Any CPU
	EndGlobalSection
	GlobalSection(ProjectConfigurationPlatforms) = postSolution
		{CB763FD6-F433-D96A-E160-8089784E13C4}.Debug|Any CPU.ActiveCfg = Debug|Any CPU
		{CB763FD6-F433-D96A-E160-8089784E13C4}.Debug|Any CPU.Build.0 = Debug|Any CPU
		{CB763FD6-F433-D96A-E160-8089784E13C4}.Release|Any CPU.ActiveCfg = Release|Any CPU
		{CB763FD6-F433-D96A-E160-8089784E13C4}.Release|Any CPU.Build.0 = Release|Any CPU
		{32BAEDCD-A56B-0B87-1CEA-7347091D960A}.Debug|Any CPU.ActiveCfg = Debug|Any CPU
		{32BAEDCD-A56B-0B87-1CEA-7347091D960A}.Debug|Any CPU.Build.0 = Debug|Any CPU
		{32BAEDCD-A56B-0B87-1CEA-7347091D960A}.Release|Any CPU.ActiveCfg = Release|Any CPU
		{32BAEDCD-A56B-0B87-1CEA-7347091D960A}.Release|Any CPU.Build.0 = Release|Any CPU
		{7C21D12D-F258-2A3A-B6B0-445C1F265351}.Debug|Any CPU.ActiveCfg = Debug|Any CPU
		{7C21D12D-F258-2A3A-B6B0-445C1F265351}.Debug|Any CPU.Build.0 = Debug|Any CPU
		{7C21D12D-F258-2A3A-B6B0-445C1F265351}.Release|Any CPU.ActiveCfg = Release|Any CPU
		{7C21D12D-F258-2A3A-B6B0-445C1F265351}.Release|Any CPU.Build.0 = Release|Any CPU
		{DA9D40E4-B686-E37C-EA3B-D3DD4DDCDA32}.Debug|Any CPU.ActiveCfg = Debug|Any CPU
		{DA9D40E4-B686-E37C-EA3B-D3DD4DDCDA32}.Debug|Any CPU.Build.0 = Debug|Any CPU
		{DA9D40E4-B686-E37C-EA3B-D3DD4DDCDA32}.Release|Any CPU.ActiveCfg = Release|Any CPU
		{DA9D40E4-B686-E37C-EA3B-D3DD4DDCDA32}.Release|Any CPU.Build.0 = Release|Any CPU
		{C077C769-4378-8834-697F-7C2300F90EA2}.Debug|Any CPU.ActiveCfg = Debug|Any CPU
		{C077C769-4378-8834-697F-7C2300F90EA2}.Debug|Any CPU.Build.0 = Debug|Any CPU
		{C077C769-4378-8834-697F-7C2300F90EA2}.Release|Any CPU.ActiveCfg = Release|Any CPU
		{C077C769-4378-8834-697F-7C2300F90EA2}.Release|Any CPU.Build.0 = Release|Any CPU
		{96133D23-549D-892D-9E57-1FF230D95418}.Debug|Any CPU.ActiveCfg = Debug|Any CPU
		{96133D23-549D-892D-9E57-1FF230D95418}.Debug|Any CPU.Build.0 = Debug|Any CPU
		{96133D23-549D-892D-9E57-1FF230D95418}.Release|Any CPU.ActiveCfg = Release|Any CPU
		{96133D23-549D-892D-9E57-1FF230D95418}.Release|Any CPU.Build.0 = Release|Any CPU
		{5A76B4AD-49D4-720B-9C06-E6960A44A765}.Debug|Any CPU.ActiveCfg = Debug|Any CPU
		{5A76B4AD-49D4-720B-9C06-E6960A44A765}.Debug|Any CPU.Build.0 = Debug|Any CPU
		{5A76B4AD-49D4-720B-9C06-E6960A44A765}.Release|Any CPU.ActiveCfg = Release|Any CPU
		{5A76B4AD-49D4-720B-9C06-E6960A44A765}.Release|Any CPU.Build.0 = Release|Any CPU
		{70B4DD70-6C93-C765-EC01-DDE145FACC72}.Debug|Any CPU.ActiveCfg = Debug|Any CPU
		{70B4DD70-6C93-C765-EC01-DDE145FACC72}.Debug|Any CPU.Build.0 = Debug|Any CPU
		{70B4DD70-6C93-C765-EC01-DDE145FACC72}.Release|Any CPU.ActiveCfg = Release|Any CPU
		{70B4DD70-6C93-C765-EC01-DDE145FACC72}.Release|Any CPU.Build.0 = Release|Any CPU
	EndGlobalSection
	GlobalSection(SolutionProperties) = preSolution
		HideSolutionNode = FALSE
	EndGlobalSection
	GlobalSection(NestedProjects) = preSolution
		{CB763FD6-F433-D96A-E160-8089784E13C4} = {02EA681E-C7D8-13C7-8484-4AC65E1B71E8}
		{32BAEDCD-A56B-0B87-1CEA-7347091D960A} = {02EA681E-C7D8-13C7-8484-4AC65E1B71E8}
		{7C21D12D-F258-2A3A-B6B0-445C1F265351} = {02EA681E-C7D8-13C7-8484-4AC65E1B71E8}
		{DA9D40E4-B686-E37C-EA3B-D3DD4DDCDA32} = {02EA681E-C7D8-13C7-8484-4AC65E1B71E8}
		{C077C769-4378-8834-697F-7C2300F90EA2} = {555A87CF-4288-473C-AE80-C3A1995E7AF3}
		{96133D23-549D-892D-9E57-1FF230D95418} = {555A87CF-4288-473C-AE80-C3A1995E7AF3}
		{5A76B4AD-49D4-720B-9C06-E6960A44A765} = {555A87CF-4288-473C-AE80-C3A1995E7AF3}
		{70B4DD70-6C93-C765-EC01-DDE145FACC72} = {02EA681E-C7D8-13C7-8484-4AC65E1B71E8}
	EndGlobalSection
	GlobalSection(ExtensibilityGlobals) = postSolution
		SolutionGuid = {770E53DE-12A1-43CD-820C-4072E67387DF}
	EndGlobalSection
EndGlobal
